PODS:
  - ActionSheetPicker-3.0 (2.3.0)
  - Alamofire (4.8.1)
  - AlamofireNetworkActivityLogger (2.3.0):
    - Alamofire (~> 4.6)
  - AMShimmer (1.0.0)
  - CBFlashyTabBarController (0.8.2)
  - FastEasyMapping (1.2.2)
  - IQKeyboardManagerSwift (6.2.0)
  - Kingfisher (5.3.0)
  - LinearProgressBar (1.0.1)
  - MagicalRecord (2.3.2):
    - MagicalRecord/Core (= 2.3.2)
  - MagicalRecord/Core (2.3.2)
  - NVActivityIndicatorView (4.6.1):
    - NVActivityIndicatorView/Presenter (= 4.6.1)
  - NVActivityIndicatorView/Presenter (4.6.1)
  - ReachabilitySwift (4.3.0)

DEPENDENCIES:
  - ActionSheetPicker-3.0
  - Alamofire
  - AlamofireNetworkActivityLogger (~> 2.0)
  - AMShimmer
  - CBFlashyTabBarController
  - FastEasyMapping (~> 1.2)
  - IQKeyboardManagerSwift
  - Kingfisher
  - LinearProgressBar
  - MagicalRecord
  - NVActivityIndicatorView
  - ReachabilitySwift

SPEC REPOS:
  https://github.com/cocoapods/specs.git:
    - ActionSheetPicker-3.0
    - Alamofire
    - AlamofireNetworkActivityLogger
    - AMShimmer
    - CBFlashyTabBarController
    - FastEasyMapping
    - IQKeyboardManagerSwift
    - Kingfisher
    - LinearProgressBar
    - MagicalRecord
    - NVActivityIndicatorView
    - ReachabilitySwift

SPEC CHECKSUMS:
  ActionSheetPicker-3.0: eef157d75e151f255c5333d26656c7fbfe905a51
  Alamofire: 16ce2c353fb72865124ddae8a57c5942388f4f11
  AlamofireNetworkActivityLogger: 6f3076652ab7fa6c819b59be08ea038d339e36d8
  AMShimmer: f4ca6f25cbdddf8469715e8783ec318dc73f6ccc
  CBFlashyTabBarController: 8955b82496974b54016dc89207bc9e0704a33507
  FastEasyMapping: cc13aa6608aeb171bc0ea895876434a7328a153a
  IQKeyboardManagerSwift: b07ccf9d8cafe993dcd6cb794eb4ba34611a0c4e
  Kingfisher: 4692c783ffb99e9e2e40a6eb3e518c3b96c6fa8c
  LinearProgressBar: f6a74dbabed229dbb1a7978089e2e4317a3a0ee0
  MagicalRecord: 53bed74b4323b930992a725be713e53b37d19755
  NVActivityIndicatorView: 4ca19fccc84595a78957336a086d00a49be6ce61
  ReachabilitySwift: 408477d1b6ed9779dba301953171e017c31241f3

PODFILE CHECKSUM: 87a8773dc4ff2d8d1144141307cd0086f3fad503

COCOAPODS: 1.6.1
